
Microsoft Visual Studio Solution File, Format Version 12.00
# Visual Studio Version 16
VisualStudioVersion = 16.0.33927.289
MinimumVisualStudioVersion = 10.0.40219.1
Project("{9A19103F-16F7-4668-BE54-9A1E7A4F7556}") = "HistogramCodingTask", "HistogramCodingTask\HistogramCodingTask.csproj", "{F9A17E9F-BE03-4F13-85B2-91EA1547AD63}"
EndProject
Project("{FAE04EC0-301F-11D3-BF4B-00C04F79EFBC}") = "HistogramCodingTask.Tests", "HistogramCodingTask.Tests\HistogramCodingTask.Tests.csproj", "{36A909ED-E0A0-4466-8D38-58C7DFA4F5C1}"
EndProject
Global
	GlobalSection(SolutionConfigurationPlatforms) = preSolution
		Debug|Any CPU = Debug|Any CPU
		Release|Any CPU = Release|Any CPU
	EndGlobalSection
	GlobalSection(ProjectConfigurationPlatforms) = postSolution
		{F9A17E9F-BE03-4F13-85B2-91EA1547AD63}.Debug|Any CPU.ActiveCfg = Debug|Any CPU
		{F9A17E9F-BE03-4F13-85B2-91EA1547AD63}.Debug|Any CPU.Build.0 = Debug|Any CPU
		{F9A17E9F-BE03-4F13-85B2-91EA1547AD63}.Release|Any CPU.ActiveCfg = Release|Any CPU
		{F9A17E9F-BE03-4F13-85B2-91EA1547AD63}.Release|Any CPU.Build.0 = Release|Any CPU
		{36A909ED-E0A0-4466-8D38-58C7DFA4F5C1}.Debug|Any CPU.ActiveCfg = Debug|Any CPU
		{36A909ED-E0A0-4466-8D38-58C7DFA4F5C1}.Debug|Any CPU.Build.0 = Debug|Any CPU
		{36A909ED-E0A0-4466-8D38-58C7DFA4F5C1}.Release|Any CPU.ActiveCfg = Release|Any CPU
		{36A909ED-E0A0-4466-8D38-58C7DFA4F5C1}.Release|Any CPU.Build.0 = Release|Any CPU
	EndGlobalSection
	GlobalSection(SolutionProperties) = preSolution
		HideSolutionNode = FALSE
	EndGlobalSection
	GlobalSection(ExtensibilityGlobals) = postSolution
		SolutionGuid = {E41D2766-E793-4336-AC88-ADD44F17FB3E}
	EndGlobalSection
EndGlobal
